
Microsoft Visual Studio Solution File, Format Version 12.00
# Visual Studio Version 16
VisualStudioVersion = 16.0.29728.190
MinimumVisualStudioVersion = 10.0.40219.1
Project("{FAE04EC0-301F-11D3-BF4B-00C04F79EFBC}") = "pharmacy_managemint", "pharmacy_managemint\pharmacy_managemint.csproj", "{8F508A77-61AA-4FFD-B2CC-52E7C37FE427}"
EndProject
Global
	GlobalSection(SolutionConfigurationPlatforms) = preSolution
		Debug|Any CPU = Debug|Any CPU
		Release|Any CPU = Release|Any CPU
	EndGlobalSection
	GlobalSection(ProjectConfigurationPlatforms) = postSolution
		{8F508A77-61AA-4FFD-B2CC-52E7C37FE427}.Debug|Any CPU.ActiveCfg = Debug|Any CPU
		{8F508A77-61AA-4FFD-B2CC-52E7C37FE427}.Debug|Any CPU.Build.0 = Debug|Any CPU
		{8F508A77-61AA-4FFD-B2CC-52E7C37FE427}.Release|Any CPU.ActiveCfg = Release|Any CPU
		{8F508A77-61AA-4FFD-B2CC-52E7C37FE427}.Release|Any CPU.Build.0 = Release|Any CPU
	EndGlobalSection
	GlobalSection(SolutionProperties) = preSolution
		HideSolutionNode = FALSE
	EndGlobalSection
	GlobalSection(ExtensibilityGlobals) = postSolution
		SolutionGuid = {8BAB725F-AB99-4F99-8B20-216248C54BF4}
	EndGlobalSection
EndGlobal
